// !$*UTF8*$!
{
	archiveVersion = 1;
	classes = {
	};
	objectVersion = 50;
	objects = {

/* Begin PBXBuildFile section */
		262846E9232A3D000018E84D /* libc++.tbd in Frameworks */ = {isa = PBXBuildFile; fileRef = 262846E8232A3D000018E84D /* libc++.tbd */; };
		2642755B233086AC003F5BA7 /* CustomStyleButton.m in Sources */ = {isa = PBXBuildFile; fileRef = 26427559233086AC003F5BA7 /* CustomStyleButton.m */; };
		2642755C233086AC003F5BA7 /* CustomColorButton.m in Sources */ = {isa = PBXBuildFile; fileRef = 2642755A233086AC003F5BA7 /* CustomColorButton.m */; };
		2685C4552329DF75009947EE /* DeviceViewController.swift in Sources */ = {isa = PBXBuildFile; fileRef = 2685C4532329DF75009947EE /* DeviceViewController.swift */; };
		2685C4562329DF75009947EE /* DeviceViewController.xib in Resources */ = {isa = PBXBuildFile; fileRef = 2685C4542329DF75009947EE /* DeviceViewController.xib */; };
		2685C4592329DF8A009947EE /* ControlViewController.swift in Sources */ = {isa = PBXBuildFile; fileRef = 2685C4572329DF8A009947EE /* ControlViewController.swift */; };
		2685C45A2329DF8A009947EE /* ControlViewController.xib in Resources */ = {isa = PBXBuildFile; fileRef = 2685C4582329DF8A009947EE /* ControlViewController.xib */; };
		2685C45D2329DF9B009947EE /* SettingViewController.swift in Sources */ = {isa = PBXBuildFile; fileRef = 2685C45B2329DF9B009947EE /* SettingViewController.swift */; };
		2685C45E2329DF9B009947EE /* SettingViewController.xib in Resources */ = {isa = PBXBuildFile; fileRef = 2685C45C2329DF9B009947EE /* SettingViewController.xib */; };
		2685C4612329E03B009947EE /* MainViewController.swift in Sources */ = {isa = PBXBuildFile; fileRef = 2685C45F2329E03B009947EE /* MainViewController.swift */; };
		2685C4622329E03B009947EE /* MainViewController.xib in Resources */ = {isa = PBXBuildFile; fileRef = 2685C4602329E03B009947EE /* MainViewController.xib */; };
		2685C4672329F492009947EE /* LightViewController.swift in Sources */ = {isa = PBXBuildFile; fileRef = 2685C4652329F492009947EE /* LightViewController.swift */; };
		2685C4682329F492009947EE /* LightViewController.xib in Resources */ = {isa = PBXBuildFile; fileRef = 2685C4662329F492009947EE /* LightViewController.xib */; };
		2685C46B2329F4B1009947EE /* SleepAidViewController.swift in Sources */ = {isa = PBXBuildFile; fileRef = 2685C4692329F4B1009947EE /* SleepAidViewController.swift */; };
		2685C46C2329F4B1009947EE /* SleepAidViewController.xib in Resources */ = {isa = PBXBuildFile; fileRef = 2685C46A2329F4B1009947EE /* SleepAidViewController.xib */; };
		2685C4702329F534009947EE /* SearchViewController.swift in Sources */ = {isa = PBXBuildFile; fileRef = 2685C46E2329F534009947EE /* SearchViewController.swift */; };
		2685C4712329F534009947EE /* SearchViewController.xib in Resources */ = {isa = PBXBuildFile; fileRef = 2685C46F2329F534009947EE /* SearchViewController.xib */; };
		26C570B924C0001C00F3FE17 /* BluetoothManager.framework in Frameworks */ = {isa = PBXBuildFile; fileRef = 26C570B824C0001C00F3FE17 /* BluetoothManager.framework */; };
		26D84AD22334824600311489 /* device_btn_refresh_nor@2x.png in Resources */ = {isa = PBXBuildFile; fileRef = 26D84AD02334824500311489 /* device_btn_refresh_nor@2x.png */; };
		26D84AD32334824600311489 /* device_btn_refresh_nor@3x.png in Resources */ = {isa = PBXBuildFile; fileRef = 26D84AD12334824600311489 /* device_btn_refresh_nor@3x.png */; };
		26DCD646245190CE0082DF69 /* SLPCommon.framework in Frameworks */ = {isa = PBXBuildFile; fileRef = 26DCD644245190CE0082DF69 /* SLPCommon.framework */; };
		26E279202328EC20005A983D /* AppDelegate.swift in Sources */ = {isa = PBXBuildFile; fileRef = 26E2791F2328EC20005A983D /* AppDelegate.swift */; };
		26E279222328EC20005A983D /* ViewController.swift in Sources */ = {isa = PBXBuildFile; fileRef = 26E279212328EC20005A983D /* ViewController.swift */; };
		26E279252328EC20005A983D /* Main.storyboard in Resources */ = {isa = PBXBuildFile; fileRef = 26E279232328EC20005A983D /* Main.storyboard */; };
		26E279272328EC23005A983D /* Assets.xcassets in Resources */ = {isa = PBXBuildFile; fileRef = 26E279262328EC23005A983D /* Assets.xcassets */; };
		26E2792A2328EC23005A983D /* LaunchScreen.storyboard in Resources */ = {isa = PBXBuildFile; fileRef = 26E279282328EC23005A983D /* LaunchScreen.storyboard */; };
		26E279352328EC24005A983D /* BLENOX2Demo_SwiftTests.swift in Sources */ = {isa = PBXBuildFile; fileRef = 26E279342328EC24005A983D /* BLENOX2Demo_SwiftTests.swift */; };
		26E279402328EC24005A983D /* BLENOX2Demo_SwiftUITests.swift in Sources */ = {isa = PBXBuildFile; fileRef = 26E2793F2328EC24005A983D /* BLENOX2Demo_SwiftUITests.swift */; };
		26F4AEF02332217700575C02 /* DataManager.m in Sources */ = {isa = PBXBuildFile; fileRef = 26F4AEEF2332217600575C02 /* DataManager.m */; };
		8F37B7D52603330000A69893 /* TitleCell.swift in Sources */ = {isa = PBXBuildFile; fileRef = 8F37B7D32603330000A69893 /* TitleCell.swift */; };
		8F37B7D62603330000A69893 /* TitleCell.xib in Resources */ = {isa = PBXBuildFile; fileRef = 8F37B7D42603330000A69893 /* TitleCell.xib */; };
		8F37B7F626033D4400A69893 /* TitleArrowCell.swift in Sources */ = {isa = PBXBuildFile; fileRef = 8F37B7F426033D4400A69893 /* TitleArrowCell.swift */; };
		8F37B7F726033D4400A69893 /* TitleArrowCell.xib in Resources */ = {isa = PBXBuildFile; fileRef = 8F37B7F526033D4400A69893 /* TitleArrowCell.xib */; };
		8F37B7FC26034C4200A69893 /* DataPicker.swift in Sources */ = {isa = PBXBuildFile; fileRef = 8F37B7FB26034C4200A69893 /* DataPicker.swift */; };
		8F37B80426034C5600A69893 /* DataPicker.xib in Resources */ = {isa = PBXBuildFile; fileRef = 8F37B80326034C5600A69893 /* DataPicker.xib */; };
		8F37B80B260358A800A69893 /* HourMinutePicker.xib in Resources */ = {isa = PBXBuildFile; fileRef = 8F37B808260358A800A69893 /* HourMinutePicker.xib */; };
		8F37B80C260358A800A69893 /* HourMinutePicker.m in Sources */ = {isa = PBXBuildFile; fileRef = 8F37B809260358A800A69893 /* HourMinutePicker.m */; };
		8F37B81226035F6F00A69893 /* CustomColorViewController.swift in Sources */ = {isa = PBXBuildFile; fileRef = 8F37B81026035F6F00A69893 /* CustomColorViewController.swift */; };
		8F37B81326035F6F00A69893 /* CustomColorViewController.xib in Resources */ = {isa = PBXBuildFile; fileRef = 8F37B81126035F6F00A69893 /* CustomColorViewController.xib */; };
		8F37B8302604364D00A69893 /* Localizable.strings in Resources */ = {isa = PBXBuildFile; fileRef = 8F37B8322604364D00A69893 /* Localizable.strings */; };
		8F3D8DA92616A54F000AC9D5 /* SN902B_20210331_1.45.MVA in Resources */ = {isa = PBXBuildFile; fileRef = 8F3D8DA82616A54F000AC9D5 /* SN902B_20210331_1.45.MVA */; };
		8F9C50CF260097F0004BB46B /* AlarmListViewController.swift in Sources */ = {isa = PBXBuildFile; fileRef = 8F9C50C1260097F0004BB46B /* AlarmListViewController.swift */; };
		8F9C50D0260097F0004BB46B /* AlarmListViewController.xib in Resources */ = {isa = PBXBuildFile; fileRef = 8F9C50C2260097F0004BB46B /* AlarmListViewController.xib */; };
		8F9C50D1260097F0004BB46B /* GestureViewController.swift in Sources */ = {isa = PBXBuildFile; fileRef = 8F9C50C4260097F0004BB46B /* GestureViewController.swift */; };
		8F9C50D2260097F0004BB46B /* GestureViewController.xib in Resources */ = {isa = PBXBuildFile; fileRef = 8F9C50C5260097F0004BB46B /* GestureViewController.xib */; };
		8F9C50D3260097F0004BB46B /* NightLightViewController.xib in Resources */ = {isa = PBXBuildFile; fileRef = 8F9C50C7260097F0004BB46B /* NightLightViewController.xib */; };
		8F9C50D4260097F0004BB46B /* NightLightViewController.swift in Sources */ = {isa = PBXBuildFile; fileRef = 8F9C50C8260097F0004BB46B /* NightLightViewController.swift */; };
		8F9C50D5260097F0004BB46B /* CountDownViewController.swift in Sources */ = {isa = PBXBuildFile; fileRef = 8F9C50CA260097F0004BB46B /* CountDownViewController.swift */; };
		8F9C50D6260097F0004BB46B /* CountDownViewController.xib in Resources */ = {isa = PBXBuildFile; fileRef = 8F9C50CB260097F0004BB46B /* CountDownViewController.xib */; };
		8F9C50D7260097F0004BB46B /* TimeMissionListViewController.swift in Sources */ = {isa = PBXBuildFile; fileRef = 8F9C50CD260097F0004BB46B /* TimeMissionListViewController.swift */; };
		8F9C50D8260097F0004BB46B /* TimeMissionListViewController.xib in Resources */ = {isa = PBXBuildFile; fileRef = 8F9C50CE260097F0004BB46B /* TimeMissionListViewController.xib */; };
		8F9C50DE26009ABD004BB46B /* AlarmViewController.swift in Sources */ = {isa = PBXBuildFile; fileRef = 8F9C50DC26009ABD004BB46B /* AlarmViewController.swift */; };
		8F9C50DF26009ABD004BB46B /* AlarmViewController.xib in Resources */ = {isa = PBXBuildFile; fileRef = 8F9C50DD26009ABD004BB46B /* AlarmViewController.xib */; };
		8F9C50F32600A0CA004BB46B /* NormalTableViewCell.swift in Sources */ = {isa = PBXBuildFile; fileRef = 8F9C50F12600A0CA004BB46B /* NormalTableViewCell.swift */; };
		8F9C50F42600A0CA004BB46B /* NormalTableViewCell.xib in Resources */ = {isa = PBXBuildFile; fileRef = 8F9C50F22600A0CA004BB46B /* NormalTableViewCell.xib */; };
		8F9C50FA2600A0E4004BB46B /* SwtichTableViewCell.swift in Sources */ = {isa = PBXBuildFile; fileRef = 8F9C50F82600A0E4004BB46B /* SwtichTableViewCell.swift */; };
		8F9C50FB2600A0E4004BB46B /* SwtichTableViewCell.xib in Resources */ = {isa = PBXBuildFile; fileRef = 8F9C50F92600A0E4004BB46B /* SwtichTableViewCell.xib */; };
		8F9C51002600A34E004BB46B /* BaseTableViewCell.swift in Sources */ = {isa = PBXBuildFile; fileRef = 8F9C50FF2600A34E004BB46B /* BaseTableViewCell.swift */; };
		8F9C51072600B372004BB46B /* SLPWeekDay.m in Sources */ = {isa = PBXBuildFile; fileRef = 8F9C51052600B372004BB46B /* SLPWeekDay.m */; };
		8F9C510D2600B4FC004BB46B /* WeekdaySelectViewController.swift in Sources */ = {isa = PBXBuildFile; fileRef = 8F9C510B2600B4FC004BB46B /* WeekdaySelectViewController.swift */; };
		8F9C510E2600B4FC004BB46B /* WeekdaySelectViewController.xib in Resources */ = {isa = PBXBuildFile; fileRef = 8F9C510C2600B4FC004BB46B /* WeekdaySelectViewController.xib */; };
		8F9C51142600B70A004BB46B /* SelectItemCell.swift in Sources */ = {isa = PBXBuildFile; fileRef = 8F9C51122600B70A004BB46B /* SelectItemCell.swift */; };
		8F9C51152600B70A004BB46B /* SelectItemCell.xib in Resources */ = {isa = PBXBuildFile; fileRef = 8F9C51132600B70A004BB46B /* SelectItemCell.xib */; };
		8F9C511E260195A2004BB46B /* MusicListViewController.swift in Sources */ = {isa = PBXBuildFile; fileRef = 8F9C511C260195A2004BB46B /* MusicListViewController.swift */; };
		8F9C511F260195A2004BB46B /* MusicListViewController.xib in Resources */ = {isa = PBXBuildFile; fileRef = 8F9C511D260195A2004BB46B /* MusicListViewController.xib */; };
		8F9C5124260197E6004BB46B /* MusicInfo.swift in Sources */ = {isa = PBXBuildFile; fileRef = 8F9C5123260197E6004BB46B /* MusicInfo.swift */; };
		8F9C512C2601C9C0004BB46B /* TimePickerSelectView.m in Sources */ = {isa = PBXBuildFile; fileRef = 8F9C51292601C9C0004BB46B /* TimePickerSelectView.m */; };
		8F9C512D2601C9C0004BB46B /* TimePickerSelectView.xib in Resources */ = {isa = PBXBuildFile; fileRef = 8F9C512B2601C9C0004BB46B /* TimePickerSelectView.xib */; };
		8F9C51372601C9C7004BB46B /* SLPTime12.m in Sources */ = {isa = PBXBuildFile; fileRef = 8F9C51322601C9C7004BB46B /* SLPTime12.m */; };
		8F9C51382601C9C7004BB46B /* SLPTime24.m in Sources */ = {isa = PBXBuildFile; fileRef = 8F9C51342601C9C7004BB46B /* SLPTime24.m */; };
		8F9C513F2601C9D3004BB46B /* Theme.m in Sources */ = {isa = PBXBuildFile; fileRef = 8F9C513E2601C9D3004BB46B /* Theme.m */; };
		8F9C51452601CA12004BB46B /* SLPTimePicker.m in Sources */ = {isa = PBXBuildFile; fileRef = 8F9C51442601CA12004BB46B /* SLPTimePicker.m */; };
		8F9C51512601D33B004BB46B /* SLPMinuteSelectView.m in Sources */ = {isa = PBXBuildFile; fileRef = 8F9C514D2601D33B004BB46B /* SLPMinuteSelectView.m */; };
		8F9C51522601D33B004BB46B /* SLPMinuteSelectView.xib in Resources */ = {isa = PBXBuildFile; fileRef = 8F9C514E2601D33B004BB46B /* SLPMinuteSelectView.xib */; };
		8F9C51532601D33B004BB46B /* SLPMinutePicker.m in Sources */ = {isa = PBXBuildFile; fileRef = 8F9C514F2601D33B004BB46B /* SLPMinutePicker.m */; };
		8F9C515F2601EA9E004BB46B /* SetLightViewController.swift in Sources */ = {isa = PBXBuildFile; fileRef = 8F9C515D2601EA9E004BB46B /* SetLightViewController.swift */; };
		8F9C51602601EA9E004BB46B /* SetLightViewController.xib in Resources */ = {isa = PBXBuildFile; fileRef = 8F9C515E2601EA9E004BB46B /* SetLightViewController.xib */; };
		8F9C51662601EBC4004BB46B /* SetTimeViewController.swift in Sources */ = {isa = PBXBuildFile; fileRef = 8F9C51642601EBC4004BB46B /* SetTimeViewController.swift */; };
		8F9C51672601EBC4004BB46B /* SetTimeViewController.xib in Resources */ = {isa = PBXBuildFile; fileRef = 8F9C51652601EBC4004BB46B /* SetTimeViewController.xib */; };
		8F9C51712601F4C9004BB46B /* Utils+UI.m in Sources */ = {isa = PBXBuildFile; fileRef = 8F9C516E2601F4C8004BB46B /* Utils+UI.m */; };
		8F9C51722601F4C9004BB46B /* Utils.m in Sources */ = {isa = PBXBuildFile; fileRef = 8F9C516F2601F4C8004BB46B /* Utils.m */; };
		8FD51C292602F0CF002C02A0 /* TimeMissionViewController.swift in Sources */ = {isa = PBXBuildFile; fileRef = 8FD51C272602F0CF002C02A0 /* TimeMissionViewController.swift */; };
		8FD51C2A2602F0CF002C02A0 /* TimeMissionViewController.xib in Resources */ = {isa = PBXBuildFile; fileRef = 8FD51C282602F0CF002C02A0 /* TimeMissionViewController.xib */; };
		8FDBE57326097DD90070824C /* TitleValueSwitchCellTableViewCell.swift in Sources */ = {isa = PBXBuildFile; fileRef = 8FDBE57126097DD90070824C /* TitleValueSwitchCellTableViewCell.swift */; };
		8FDBE57426097DD90070824C /* TitleValueSwitchCellTableViewCell.xib in Resources */ = {isa = PBXBuildFile; fileRef = 8FDBE57226097DD90070824C /* TitleValueSwitchCellTableViewCell.xib */; };
		8FDBE63E2609B3670070824C /* MusicInfoSettingViewController.swift in Sources */ = {isa = PBXBuildFile; fileRef = 8FDBE63C2609B3670070824C /* MusicInfoSettingViewController.swift */; };
		8FDBE63F2609B3670070824C /* MusicInfoSettingViewController.xib in Resources */ = {isa = PBXBuildFile; fileRef = 8FDBE63D2609B3670070824C /* MusicInfoSettingViewController.xib */; };
		8FDBE643260AC0430070824C /* BleNox.framework in Frameworks */ = {isa = PBXBuildFile; fileRef = 26DCD643245190CE0082DF69 /* BleNox.framework */; };
/* End PBXBuildFile section */

/* Begin PBXContainerItemProxy section */
		26E279312328EC24005A983D /* PBXContainerItemProxy */ = {
			isa = PBXContainerItemProxy;
			containerPortal = 26E279142328EC20005A983D /* Project object */;
			proxyType = 1;
			remoteGlobalIDString = 26E2791B2328EC20005A983D;
			remoteInfo = "BLENOX2Demo-Swift";
		};
		26E2793C2328EC24005A983D /* PBXContainerItemProxy */ = {
			isa = PBXContainerItemProxy;
			containerPortal = 26E279142328EC20005A983D /* Project object */;
			proxyType = 1;
			remoteGlobalIDString = 26E2791B2328EC20005A983D;
			remoteInfo = "BLENOX2Demo-Swift";
		};
/* End PBXContainerItemProxy section */

/* Begin PBXFileReference section */
		262846E8232A3D000018E84D /* libc++.tbd */ = {isa = PBXFileReference; lastKnownFileType = "sourcecode.text-based-dylib-definition"; name = "libc++.tbd"; path = "usr/lib/libc++.tbd"; sourceTree = SDKROOT; };
		26427557233086AC003F5BA7 /* CustomStyleButton.h */ = {isa = PBXFileReference; fileEncoding = 4; lastKnownFileType = sourcecode.c.h; path = CustomStyleButton.h; sourceTree = "<group>"; };
		26427558233086AC003F5BA7 /* CustomColorButton.h */ = {isa = PBXFileReference; fileEncoding = 4; lastKnownFileType = sourcecode.c.h; path = CustomColorButton.h; sourceTree = "<group>"; };
		26427559233086AC003F5BA7 /* CustomStyleButton.m */ = {isa = PBXFileReference; fileEncoding = 4; lastKnownFileType = sourcecode.c.objc; path = CustomStyleButton.m; sourceTree = "<group>"; };
		2642755A233086AC003F5BA7 /* CustomColorButton.m */ = {isa = PBXFileReference; fileEncoding = 4; lastKnownFileType = sourcecode.c.objc; path = CustomColorButton.m; sourceTree = "<group>"; };
		2642755D23308959003F5BA7 /* BLENOX2Demo-Swift-Bridging-Header.h */ = {isa = PBXFileReference; fileEncoding = 4; lastKnownFileType = sourcecode.c.h; path = "BLENOX2Demo-Swift-Bridging-Header.h"; sourceTree = "<group>"; };
		2685C4532329DF75009947EE /* DeviceViewController.swift */ = {isa = PBXFileReference; lastKnownFileType = sourcecode.swift; path = DeviceViewController.swift; sourceTree = "<group>"; };
		2685C4542329DF75009947EE /* DeviceViewController.xib */ = {isa = PBXFileReference; lastKnownFileType = file.xib; path = DeviceViewController.xib; sourceTree = "<group>"; };
		2685C4572329DF8A009947EE /* ControlViewController.swift */ = {isa = PBXFileReference; lastKnownFileType = sourcecode.swift; path = ControlViewController.swift; sourceTree = "<group>"; };
		2685C4582329DF8A009947EE /* ControlViewController.xib */ = {isa = PBXFileReference; lastKnownFileType = file.xib; path = ControlViewController.xib; sourceTree = "<group>"; };
		2685C45B2329DF9B009947EE /* SettingViewController.swift */ = {isa = PBXFileReference; lastKnownFileType = sourcecode.swift; path = SettingViewController.swift; sourceTree = "<group>"; };
		2685C45C2329DF9B009947EE /* SettingViewController.xib */ = {isa = PBXFileReference; lastKnownFileType = file.xib; path = SettingViewController.xib; sourceTree = "<group>"; };
		2685C45F2329E03B009947EE /* MainViewController.swift */ = {isa = PBXFileReference; lastKnownFileType = sourcecode.swift; path = MainViewController.swift; sourceTree = "<group>"; };
		2685C4602329E03B009947EE /* MainViewController.xib */ = {isa = PBXFileReference; lastKnownFileType = file.xib; path = MainViewController.xib; sourceTree = "<group>"; };
		2685C4652329F492009947EE /* LightViewController.swift */ = {isa = PBXFileReference; lastKnownFileType = sourcecode.swift; path = LightViewController.swift; sourceTree = "<group>"; };
		2685C4662329F492009947EE /* LightViewController.xib */ = {isa = PBXFileReference; lastKnownFileType = file.xib; path = LightViewController.xib; sourceTree = "<group>"; };
		2685C4692329F4B1009947EE /* SleepAidViewController.swift */ = {isa = PBXFileReference; lastKnownFileType = sourcecode.swift; path = SleepAidViewController.swift; sourceTree = "<group>"; };
		2685C46A2329F4B1009947EE /* SleepAidViewController.xib */ = {isa = PBXFileReference; lastKnownFileType = file.xib; path = SleepAidViewController.xib; sourceTree = "<group>"; };
		2685C46E2329F534009947EE /* SearchViewController.swift */ = {isa = PBXFileReference; lastKnownFileType = sourcecode.swift; path = SearchViewController.swift; sourceTree = "<group>"; };
		2685C46F2329F534009947EE /* SearchViewController.xib */ = {isa = PBXFileReference; lastKnownFileType = file.xib; path = SearchViewController.xib; sourceTree = "<group>"; };
		26C570B824C0001C00F3FE17 /* BluetoothManager.framework */ = {isa = PBXFileReference; lastKnownFileType = wrapper.framework; path = BluetoothManager.framework; sourceTree = "<group>"; };
		26D84AD02334824500311489 /* device_btn_refresh_nor@2x.png */ = {isa = PBXFileReference; lastKnownFileType = image.png; path = "device_btn_refresh_nor@2x.png"; sourceTree = "<group>"; };
		26D84AD12334824600311489 /* device_btn_refresh_nor@3x.png */ = {isa = PBXFileReference; lastKnownFileType = image.png; path = "device_btn_refresh_nor@3x.png"; sourceTree = "<group>"; };
		26DCD643245190CE0082DF69 /* BleNox.framework */ = {isa = PBXFileReference; lastKnownFileType = wrapper.framework; path = BleNox.framework; sourceTree = "<group>"; };
		26DCD644245190CE0082DF69 /* SLPCommon.framework */ = {isa = PBXFileReference; lastKnownFileType = wrapper.framework; path = SLPCommon.framework; sourceTree = "<group>"; };
		26E2791C2328EC20005A983D /* BLENOX2Demo-Swift.app */ = {isa = PBXFileReference; explicitFileType = wrapper.application; includeInIndex = 0; path = "BLENOX2Demo-Swift.app"; sourceTree = BUILT_PRODUCTS_DIR; };
		26E2791F2328EC20005A983D /* AppDelegate.swift */ = {isa = PBXFileReference; lastKnownFileType = sourcecode.swift; path = AppDelegate.swift; sourceTree = "<group>"; };
		26E279212328EC20005A983D /* ViewController.swift */ = {isa = PBXFileReference; lastKnownFileType = sourcecode.swift; path = ViewController.swift; sourceTree = "<group>"; };
		26E279242328EC20005A983D /* Base */ = {isa = PBXFileReference; lastKnownFileType = file.storyboard; name = Base; path = Base.lproj/Main.storyboard; sourceTree = "<group>"; };
		26E279262328EC23005A983D /* Assets.xcassets */ = {isa = PBXFileReference; lastKnownFileType = folder.assetcatalog; path = Assets.xcassets; sourceTree = "<group>"; };
		26E279292328EC23005A983D /* Base */ = {isa = PBXFileReference; lastKnownFileType = file.storyboard; name = Base; path = Base.lproj/LaunchScreen.storyboard; sourceTree = "<group>"; };
		26E2792B2328EC23005A983D /* Info.plist */ = {isa = PBXFileReference; lastKnownFileType = text.plist.xml; path = Info.plist; sourceTree = "<group>"; };
		26E279302328EC24005A983D /* BLENOX2Demo-SwiftTests.xctest */ = {isa = PBXFileReference; explicitFileType = wrapper.cfbundle; includeInIndex = 0; path = "BLENOX2Demo-SwiftTests.xctest"; sourceTree = BUILT_PRODUCTS_DIR; };
		26E279342328EC24005A983D /* BLENOX2Demo_SwiftTests.swift */ = {isa = PBXFileReference; lastKnownFileType = sourcecode.swift; path = BLENOX2Demo_SwiftTests.swift; sourceTree = "<group>"; };
		26E279362328EC24005A983D /* Info.plist */ = {isa = PBXFileReference; lastKnownFileType = text.plist.xml; path = Info.plist; sourceTree = "<group>"; };
		26E2793B2328EC24005A983D /* BLENOX2Demo-SwiftUITests.xctest */ = {isa = PBXFileReference; explicitFileType = wrapper.cfbundle; includeInIndex = 0; path = "BLENOX2Demo-SwiftUITests.xctest"; sourceTree = BUILT_PRODUCTS_DIR; };
		26E2793F2328EC24005A983D /* BLENOX2Demo_SwiftUITests.swift */ = {isa = PBXFileReference; lastKnownFileType = sourcecode.swift; path = BLENOX2Demo_SwiftUITests.swift; sourceTree = "<group>"; };
		26E279412328EC24005A983D /* Info.plist */ = {isa = PBXFileReference; lastKnownFileType = text.plist.xml; path = Info.plist; sourceTree = "<group>"; };
		26F4AEEE2332217600575C02 /* DataManager.h */ = {isa = PBXFileReference; fileEncoding = 4; lastKnownFileType = sourcecode.c.h; path = DataManager.h; sourceTree = "<group>"; };
		26F4AEEF2332217600575C02 /* DataManager.m */ = {isa = PBXFileReference; fileEncoding = 4; lastKnownFileType = sourcecode.c.objc; path = DataManager.m; sourceTree = "<group>"; };
		8F37B7D32603330000A69893 /* TitleCell.swift */ = {isa = PBXFileReference; lastKnownFileType = sourcecode.swift; path = TitleCell.swift; sourceTree = "<group>"; };
		8F37B7D42603330000A69893 /* TitleCell.xib */ = {isa = PBXFileReference; lastKnownFileType = file.xib; path = TitleCell.xib; sourceTree = "<group>"; };
		8F37B7F426033D4400A69893 /* TitleArrowCell.swift */ = {isa = PBXFileReference; lastKnownFileType = sourcecode.swift; path = TitleArrowCell.swift; sourceTree = "<group>"; };
		8F37B7F526033D4400A69893 /* TitleArrowCell.xib */ = {isa = PBXFileReference; lastKnownFileType = file.xib; path = TitleArrowCell.xib; sourceTree = "<group>"; };
		8F37B7FB26034C4200A69893 /* DataPicker.swift */ = {isa = PBXFileReference; lastKnownFileType = sourcecode.swift; path = DataPicker.swift; sourceTree = "<group>"; };
		8F37B80326034C5600A69893 /* DataPicker.xib */ = {isa = PBXFileReference; lastKnownFileType = file.xib; path = DataPicker.xib; sourceTree = "<group>"; };
		8F37B808260358A800A69893 /* HourMinutePicker.xib */ = {isa = PBXFileReference; fileEncoding = 4; lastKnownFileType = file.xib; path = HourMinutePicker.xib; sourceTree = "<group>"; };
		8F37B809260358A800A69893 /* HourMinutePicker.m */ = {isa = PBXFileReference; fileEncoding = 4; lastKnownFileType = sourcecode.c.objc; path = HourMinutePicker.m; sourceTree = "<group>"; };
		8F37B80A260358A800A69893 /* HourMinutePicker.h */ = {isa = PBXFileReference; fileEncoding = 4; lastKnownFileType = sourcecode.c.h; path = HourMinutePicker.h; sourceTree = "<group>"; };
		8F37B81026035F6F00A69893 /* CustomColorViewController.swift */ = {isa = PBXFileReference; lastKnownFileType = sourcecode.swift; path = CustomColorViewController.swift; sourceTree = "<group>"; };
		8F37B81126035F6F00A69893 /* CustomColorViewController.xib */ = {isa = PBXFileReference; lastKnownFileType = file.xib; path = CustomColorViewController.xib; sourceTree = "<group>"; };
		8F37B8172604319C00A69893 /* zh-Hans */ = {isa = PBXFileReference; lastKnownFileType = text.plist.strings; name = "zh-Hans"; path = "zh-Hans.lproj/Main.strings"; sourceTree = "<group>"; };
		8F37B8182604319C00A69893 /* zh-Hans */ = {isa = PBXFileReference; lastKnownFileType = text.plist.strings; name = "zh-Hans"; path = "zh-Hans.lproj/LaunchScreen.strings"; sourceTree = "<group>"; };
		8F37B8312604364D00A69893 /* en */ = {isa = PBXFileReference; lastKnownFileType = text.plist.strings; name = en; path = en.lproj/Localizable.strings; sourceTree = "<group>"; };
		8F37B8362604365100A69893 /* zh-Hans */ = {isa = PBXFileReference; lastKnownFileType = text.plist.strings; name = "zh-Hans"; path = "zh-Hans.lproj/Localizable.strings"; sourceTree = "<group>"; };
		8F3D8DA82616A54F000AC9D5 /* SN902B_20210331_1.45.MVA */ = {isa = PBXFileReference; lastKnownFileType = file; path = SN902B_20210331_1.45.MVA; sourceTree = "<group>"; };
		8F9C50C1260097F0004BB46B /* AlarmListViewController.swift */ = {isa = PBXFileReference; fileEncoding = 4; lastKnownFileType = sourcecode.swift; path = AlarmListViewController.swift; sourceTree = "<group>"; };
		8F9C50C2260097F0004BB46B /* AlarmListViewController.xib */ = {isa = PBXFileReference; fileEncoding = 4; lastKnownFileType = file.xib; path = AlarmListViewController.xib; sourceTree = "<group>"; };
		8F9C50C4260097F0004BB46B /* GestureViewController.swift */ = {isa = PBXFileReference; fileEncoding = 4; lastKnownFileType = sourcecode.swift; path = GestureViewController.swift; sourceTree = "<group>"; };
		8F9C50C5260097F0004BB46B /* GestureViewController.xib */ = {isa = PBXFileReference; fileEncoding = 4; lastKnownFileType = file.xib; path = GestureViewController.xib; sourceTree = "<group>"; };
		8F9C50C7260097F0004BB46B /* NightLightViewController.xib */ = {isa = PBXFileReference; fileEncoding = 4; lastKnownFileType = file.xib; path = NightLightViewController.xib; sourceTree = "<group>"; };
		8F9C50C8260097F0004BB46B /* NightLightViewController.swift */ = {isa = PBXFileReference; fileEncoding = 4; lastKnownFileType = sourcecode.swift; path = NightLightViewController.swift; sourceTree = "<group>"; };
		8F9C50CA260097F0004BB46B /* CountDownViewController.swift */ = {isa = PBXFileReference; fileEncoding = 4; lastKnownFileType = sourcecode.swift; path = CountDownViewController.swift; sourceTree = "<group>"; };
		8F9C50CB260097F0004BB46B /* CountDownViewController.xib */ = {isa = PBXFileReference; fileEncoding = 4; lastKnownFileType = file.xib; path = CountDownViewController.xib; sourceTree = "<group>"; };
		8F9C50CD260097F0004BB46B /* TimeMissionListViewController.swift */ = {isa = PBXFileReference; fileEncoding = 4; lastKnownFileType = sourcecode.swift; path = TimeMissionListViewController.swift; sourceTree = "<group>"; };
		8F9C50CE260097F0004BB46B /* TimeMissionListViewController.xib */ = {isa = PBXFileReference; fileEncoding = 4; lastKnownFileType = file.xib; path = TimeMissionListViewController.xib; sourceTree = "<group>"; };
		8F9C50DC26009ABD004BB46B /* AlarmViewController.swift */ = {isa = PBXFileReference; lastKnownFileType = sourcecode.swift; path = AlarmViewController.swift; sourceTree = "<group>"; };
		8F9C50DD26009ABD004BB46B /* AlarmViewController.xib */ = {isa = PBXFileReference; lastKnownFileType = file.xib; path = AlarmViewController.xib; sourceTree = "<group>"; };
		8F9C50F12600A0CA004BB46B /* NormalTableViewCell.swift */ = {isa = PBXFileReference; lastKnownFileType = sourcecode.swift; path = NormalTableViewCell.swift; sourceTree = "<group>"; };
		8F9C50F22600A0CA004BB46B /* NormalTableViewCell.xib */ = {isa = PBXFileReference; lastKnownFileType = file.xib; path = NormalTableViewCell.xib; sourceTree = "<group>"; };
		8F9C50F82600A0E4004BB46B /* SwtichTableViewCell.swift */ = {isa = PBXFileReference; lastKnownFileType = sourcecode.swift; path = SwtichTableViewCell.swift; sourceTree = "<group>"; };
		8F9C50F92600A0E4004BB46B /* SwtichTableViewCell.xib */ = {isa = PBXFileReference; lastKnownFileType = file.xib; path = SwtichTableViewCell.xib; sourceTree = "<group>"; };
		8F9C50FF2600A34E004BB46B /* BaseTableViewCell.swift */ = {isa = PBXFileReference; lastKnownFileType = sourcecode.swift; path = BaseTableViewCell.swift; sourceTree = "<group>"; };
		8F9C51052600B372004BB46B /* SLPWeekDay.m */ = {isa = PBXFileReference; fileEncoding = 4; lastKnownFileType = sourcecode.c.objc; path = SLPWeekDay.m; sourceTree = "<group>"; };
		8F9C51062600B372004BB46B /* SLPWeekDay.h */ = {isa = PBXFileReference; fileEncoding = 4; lastKnownFileType = sourcecode.c.h; path = SLPWeekDay.h; sourceTree = "<group>"; };
		8F9C510B2600B4FC004BB46B /* WeekdaySelectViewController.swift */ = {isa = PBXFileReference; lastKnownFileType = sourcecode.swift; path = WeekdaySelectViewController.swift; sourceTree = "<group>"; };
		8F9C510C2600B4FC004BB46B /* WeekdaySelectViewController.xib */ = {isa = PBXFileReference; lastKnownFileType = file.xib; path = WeekdaySelectViewController.xib; sourceTree = "<group>"; };
		8F9C51122600B70A004BB46B /* SelectItemCell.swift */ = {isa = PBXFileReference; lastKnownFileType = sourcecode.swift; path = SelectItemCell.swift; sourceTree = "<group>"; };
		8F9C51132600B70A004BB46B /* SelectItemCell.xib */ = {isa = PBXFileReference; lastKnownFileType = file.xib; path = SelectItemCell.xib; sourceTree = "<group>"; };
		8F9C511C260195A2004BB46B /* MusicListViewController.swift */ = {isa = PBXFileReference; lastKnownFileType = sourcecode.swift; path = MusicListViewController.swift; sourceTree = "<group>"; };
		8F9C511D260195A2004BB46B /* MusicListViewController.xib */ = {isa = PBXFileReference; lastKnownFileType = file.xib; path = MusicListViewController.xib; sourceTree = "<group>"; };
		8F9C5123260197E6004BB46B /* MusicInfo.swift */ = {isa = PBXFileReference; lastKnownFileType = sourcecode.swift; path = MusicInfo.swift; sourceTree = "<group>"; };
		8F9C51292601C9C0004BB46B /* TimePickerSelectView.m */ = {isa = PBXFileReference; fileEncoding = 4; lastKnownFileType = sourcecode.c.objc; path = TimePickerSelectView.m; sourceTree = "<group>"; };
		8F9C512A2601C9C0004BB46B /* TimePickerSelectView.h */ = {isa = PBXFileReference; fileEncoding = 4; lastKnownFileType = sourcecode.c.h; path = TimePickerSelectView.h; sourceTree = "<group>"; };
		8F9C512B2601C9C0004BB46B /* TimePickerSelectView.xib */ = {isa = PBXFileReference; fileEncoding = 4; lastKnownFileType = file.xib; path = TimePickerSelectView.xib; sourceTree = "<group>"; };
		8F9C51322601C9C7004BB46B /* SLPTime12.m */ = {isa = PBXFileReference; fileEncoding = 4; lastKnownFileType = sourcecode.c.objc; path = SLPTime12.m; sourceTree = "<group>"; };
		8F9C51332601C9C7004BB46B /* SLPTime.h */ = {isa = PBXFileReference; fileEncoding = 4; lastKnownFileType = sourcecode.c.h; path = SLPTime.h; sourceTree = "<group>"; };
		8F9C51342601C9C7004BB46B /* SLPTime24.m */ = {isa = PBXFileReference; fileEncoding = 4; lastKnownFileType = sourcecode.c.objc; path = SLPTime24.m; sourceTree = "<group>"; };
		8F9C51352601C9C7004BB46B /* SLPTime12.h */ = {isa = PBXFileReference; fileEncoding = 4; lastKnownFileType = sourcecode.c.h; path = SLPTime12.h; sourceTree = "<group>"; };
		8F9C51362601C9C7004BB46B /* SLPTime24.h */ = {isa = PBXFileReference; fileEncoding = 4; lastKnownFileType = sourcecode.c.h; path = SLPTime24.h; sourceTree = "<group>"; };
		8F9C513D2601C9D3004BB46B /* Theme.h */ = {isa = PBXFileReference; fileEncoding = 4; lastKnownFileType = sourcecode.c.h; path = Theme.h; sourceTree = "<group>"; };
		8F9C513E2601C9D3004BB46B /* Theme.m */ = {isa = PBXFileReference; fileEncoding = 4; lastKnownFileType = sourcecode.c.objc; path = Theme.m; sourceTree = "<group>"; };
		8F9C51432601CA12004BB46B /* SLPTimePicker.h */ = {isa = PBXFileReference; fileEncoding = 4; lastKnownFileType = sourcecode.c.h; path = SLPTimePicker.h; sourceTree = "<group>"; };
		8F9C51442601CA12004BB46B /* SLPTimePicker.m */ = {isa = PBXFileReference; fileEncoding = 4; lastKnownFileType = sourcecode.c.objc; path = SLPTimePicker.m; sourceTree = "<group>"; };
		8F9C514C2601D33B004BB46B /* SLPMinutePicker.h */ = {isa = PBXFileReference; fileEncoding = 4; lastKnownFileType = sourcecode.c.h; path = SLPMinutePicker.h; sourceTree = "<group>"; };
		8F9C514D2601D33B004BB46B /* SLPMinuteSelectView.m */ = {isa = PBXFileReference; fileEncoding = 4; lastKnownFileType = sourcecode.c.objc; path = SLPMinuteSelectView.m; sourceTree = "<group>"; };
		8F9C514E2601D33B004BB46B /* SLPMinuteSelectView.xib */ = {isa = PBXFileReference; fileEncoding = 4; lastKnownFileType = file.xib; path = SLPMinuteSelectView.xib; sourceTree = "<group>"; };
		8F9C514F2601D33B004BB46B /* SLPMinutePicker.m */ = {isa = PBXFileReference; fileEncoding = 4; lastKnownFileType = sourcecode.c.objc; path = SLPMinutePicker.m; sourceTree = "<group>"; };
		8F9C51502601D33B004BB46B /* SLPMinuteSelectView.h */ = {isa = PBXFileReference; fileEncoding = 4; lastKnownFileType = sourcecode.c.h; path = SLPMinuteSelectView.h; sourceTree = "<group>"; };
		8F9C515D2601EA9E004BB46B /* SetLightViewController.swift */ = {isa = PBXFileReference; lastKnownFileType = sourcecode.swift; path = SetLightViewController.swift; sourceTree = "<group>"; };
		8F9C515E2601EA9E004BB46B /* SetLightViewController.xib */ = {isa = PBXFileReference; lastKnownFileType = file.xib; path = SetLightViewController.xib; sourceTree = "<group>"; };
		8F9C51642601EBC4004BB46B /* SetTimeViewController.swift */ = {isa = PBXFileReference; lastKnownFileType = sourcecode.swift; path = SetTimeViewController.swift; sourceTree = "<group>"; };
		8F9C51652601EBC4004BB46B /* SetTimeViewController.xib */ = {isa = PBXFileReference; lastKnownFileType = file.xib; path = SetTimeViewController.xib; sourceTree = "<group>"; };
		8F9C516C2601F4C8004BB46B /* Utils.h */ = {isa = PBXFileReference; fileEncoding = 4; lastKnownFileType = sourcecode.c.h; path = Utils.h; sourceTree = "<group>"; };
		8F9C516D2601F4C8004BB46B /* Utils+UI.h */ = {isa = PBXFileReference; fileEncoding = 4; lastKnownFileType = sourcecode.c.h; path = "Utils+UI.h"; sourceTree = "<group>"; };
		8F9C516E2601F4C8004BB46B /* Utils+UI.m */ = {isa = PBXFileReference; fileEncoding = 4; lastKnownFileType = sourcecode.c.objc; path = "Utils+UI.m"; sourceTree = "<group>"; };
		8F9C516F2601F4C8004BB46B /* Utils.m */ = {isa = PBXFileReference; fileEncoding = 4; lastKnownFileType = sourcecode.c.objc; path = Utils.m; sourceTree = "<group>"; };
		8F9C51702601F4C9004BB46B /* UtilsHeads.h */ = {isa = PBXFileReference; fileEncoding = 4; lastKnownFileType = sourcecode.c.h; path = UtilsHeads.h; sourceTree = "<group>"; };
		8FD51C272602F0CF002C02A0 /* TimeMissionViewController.swift */ = {isa = PBXFileReference; lastKnownFileType = sourcecode.swift; path = TimeMissionViewController.swift; sourceTree = "<group>"; };
		8FD51C282602F0CF002C02A0 /* TimeMissionViewController.xib */ = {isa = PBXFileReference; lastKnownFileType = file.xib; path = TimeMissionViewController.xib; sourceTree = "<group>"; };
		8FDBE57126097DD90070824C /* TitleValueSwitchCellTableViewCell.swift */ = {isa = PBXFileReference; lastKnownFileType = sourcecode.swift; path = TitleValueSwitchCellTableViewCell.swift; sourceTree = "<group>"; };
		8FDBE57226097DD90070824C /* TitleValueSwitchCellTableViewCell.xib */ = {isa = PBXFileReference; lastKnownFileType = file.xib; path = TitleValueSwitchCellTableViewCell.xib; sourceTree = "<group>"; };
		8FDBE63C2609B3670070824C /* MusicInfoSettingViewController.swift */ = {isa = PBXFileReference; lastKnownFileType = sourcecode.swift; path = MusicInfoSettingViewController.swift; sourceTree = "<group>"; };
		8FDBE63D2609B3670070824C /* MusicInfoSettingViewController.xib */ = {isa = PBXFileReference; lastKnownFileType = file.xib; path = MusicInfoSettingViewController.xib; sourceTree = "<group>"; };
/* End PBXFileReference section */

/* Begin PBXFrameworksBuildPhase section */
		26E279192328EC20005A983D /* Frameworks */ = {
			isa = PBXFrameworksBuildPhase;
			buildActionMask = 2147483647;
			files = (
				8FDBE643260AC0430070824C /* BleNox.framework in Frameworks */,
				262846E9232A3D000018E84D /* libc++.tbd in Frameworks */,
				26DCD646245190CE0082DF69 /* SLPCommon.framework in Frameworks */,
				26C570B924C0001C00F3FE17 /* BluetoothManager.framework in Frameworks */,
			);
			runOnlyForDeploymentPostprocessing = 0;
		};
		26E2792D2328EC24005A983D /* Frameworks */ = {
			isa = PBXFrameworksBuildPhase;
			buildActionMask = 2147483647;
			files = (
			);
			runOnlyForDeploymentPostprocessing = 0;
		};
		26E279382328EC24005A983D /* Frameworks */ = {
			isa = PBXFrameworksBuildPhase;
			buildActionMask = 2147483647;
			files = (
			);
			runOnlyForDeploymentPostprocessing = 0;
		};
/* End PBXFrameworksBuildPhase section */

/* Begin PBXGroup section */
		262846E7232A3D000018E84D /* Frameworks */ = {
			isa = PBXGroup;
			children = (
				262846E8232A3D000018E84D /* libc++.tbd */,
			);
			name = Frameworks;
			sourceTree = "<group>";
		};
		26427556233086A3003F5BA7 /* Button */ = {
			isa = PBXGroup;
			children = (
				2642755D23308959003F5BA7 /* BLENOX2Demo-Swift-Bridging-Header.h */,
				26427558233086AC003F5BA7 /* CustomColorButton.h */,
				2642755A233086AC003F5BA7 /* CustomColorButton.m */,
				26427557233086AC003F5BA7 /* CustomStyleButton.h */,
				26427559233086AC003F5BA7 /* CustomStyleButton.m */,
			);
			path = Button;
			sourceTree = "<group>";
		};
		2685C4632329F141009947EE /* Setting */ = {
			isa = PBXGroup;
			children = (
				8F9C50C0260097F0004BB46B /* Alarm */,
				8F9C50C9260097F0004BB46B /* CountDown */,
				8F9C50C3260097F0004BB46B /* Gesture */,
				8F9C50C6260097F0004BB46B /* NightLight */,
				8F9C50CC260097F0004BB46B /* TimeMission */,
				2685C45B2329DF9B009947EE /* SettingViewController.swift */,
				2685C45C2329DF9B009947EE /* SettingViewController.xib */,
			);
			path = Setting;
			sourceTree = "<group>";
		};
		2685C4642329F150009947EE /* Control */ = {
			isa = PBXGroup;
			children = (
				2685C4652329F492009947EE /* LightViewController.swift */,
				2685C4662329F492009947EE /* LightViewController.xib */,
				2685C4692329F4B1009947EE /* SleepAidViewController.swift */,
				2685C46A2329F4B1009947EE /* SleepAidViewController.xib */,
				2685C4572329DF8A009947EE /* ControlViewController.swift */,
				2685C4582329DF8A009947EE /* ControlViewController.xib */,
				26427556233086A3003F5BA7 /* Button */,
			);
			path = Control;
			sourceTree = "<group>";
		};
		2685C46D2329F50D009947EE /* Device */ = {
			isa = PBXGroup;
			children = (
				2685C4532329DF75009947EE /* DeviceViewController.swift */,
				2685C4542329DF75009947EE /* DeviceViewController.xib */,
				2685C46E2329F534009947EE /* SearchViewController.swift */,
				2685C46F2329F534009947EE /* SearchViewController.xib */,
			);
			path = Device;
			sourceTree = "<group>";
		};
		26E279132328EC20005A983D = {
			isa = PBXGroup;
			children = (
				26C570B824C0001C00F3FE17 /* BluetoothManager.framework */,
				26DCD643245190CE0082DF69 /* BleNox.framework */,
				26DCD644245190CE0082DF69 /* SLPCommon.framework */,
				26E2791E2328EC20005A983D /* BLENOX2Demo-Swift */,
				26E279332328EC24005A983D /* BLENOX2Demo-SwiftTests */,
				26E2793E2328EC24005A983D /* BLENOX2Demo-SwiftUITests */,
				26E2791D2328EC20005A983D /* Products */,
				262846E7232A3D000018E84D /* Frameworks */,
			);
			sourceTree = "<group>";
		};
		26E2791D2328EC20005A983D /* Products */ = {
			isa = PBXGroup;
			children = (
				26E2791C2328EC20005A983D /* BLENOX2Demo-Swift.app */,
				26E279302328EC24005A983D /* BLENOX2Demo-SwiftTests.xctest */,
				26E2793B2328EC24005A983D /* BLENOX2Demo-SwiftUITests.xctest */,
			);
			name = Products;
			sourceTree = "<group>";
		};
		26E2791E2328EC20005A983D /* BLENOX2Demo-Swift */ = {
			isa = PBXGroup;
			children = (
				8F3D8DA82616A54F000AC9D5 /* SN902B_20210331_1.45.MVA */,
				26E2791F2328EC20005A983D /* AppDelegate.swift */,
				26E279212328EC20005A983D /* ViewController.swift */,
				2685C45F2329E03B009947EE /* MainViewController.swift */,
				2685C4602329E03B009947EE /* MainViewController.xib */,
				8F9C513C2601C9D3004BB46B /* Tool */,
				8F9C51042600B354004BB46B /* Model */,
				8F9C50E32600A085004BB46B /* Common */,
				26F4AEEA23321FB500575C02 /* DataManager */,
				2685C46D2329F50D009947EE /* Device */,
				2685C4642329F150009947EE /* Control */,
				2685C4632329F141009947EE /* Setting */,
				26E279232328EC20005A983D /* Main.storyboard */,
				26E279262328EC23005A983D /* Assets.xcassets */,
				26E279282328EC23005A983D /* LaunchScreen.storyboard */,
				26E2792B2328EC23005A983D /* Info.plist */,
				26D84AD02334824500311489 /* device_btn_refresh_nor@2x.png */,
				26D84AD12334824600311489 /* device_btn_refresh_nor@3x.png */,
				8F37B8322604364D00A69893 /* Localizable.strings */,
			);
			path = "BLENOX2Demo-Swift";
			sourceTree = "<group>";
		};
		26E279332328EC24005A983D /* BLENOX2Demo-SwiftTests */ = {
			isa = PBXGroup;
			children = (
				26E279342328EC24005A983D /* BLENOX2Demo_SwiftTests.swift */,
				26E279362328EC24005A983D /* Info.plist */,
			);
			path = "BLENOX2Demo-SwiftTests";
			sourceTree = "<group>";
		};
		26E2793E2328EC24005A983D /* BLENOX2Demo-SwiftUITests */ = {
			isa = PBXGroup;
			children = (
				26E2793F2328EC24005A983D /* BLENOX2Demo_SwiftUITests.swift */,
				26E279412328EC24005A983D /* Info.plist */,
			);
			path = "BLENOX2Demo-SwiftUITests";
			sourceTree = "<group>";
		};
		26F4AEEA23321FB500575C02 /* DataManager */ = {
			isa = PBXGroup;
			children = (
				26F4AEEE2332217600575C02 /* DataManager.h */,
				26F4AEEF2332217600575C02 /* DataManager.m */,
			);
			path = DataManager;
			sourceTree = "<group>";
		};
		8F9C50C0260097F0004BB46B /* Alarm */ = {
			isa = PBXGroup;
			children = (
				8F9C50C1260097F0004BB46B /* AlarmListViewController.swift */,
				8F9C50C2260097F0004BB46B /* AlarmListViewController.xib */,
				8F9C50DC26009ABD004BB46B /* AlarmViewController.swift */,
				8F9C50DD26009ABD004BB46B /* AlarmViewController.xib */,
				8F9C510B2600B4FC004BB46B /* WeekdaySelectViewController.swift */,
				8F9C510C2600B4FC004BB46B /* WeekdaySelectViewController.xib */,
				8F9C511C260195A2004BB46B /* MusicListViewController.swift */,
				8F9C511D260195A2004BB46B /* MusicListViewController.xib */,
			);
			path = Alarm;
			sourceTree = "<group>";
		};
		8F9C50C3260097F0004BB46B /* Gesture */ = {
			isa = PBXGroup;
			children = (
				8F9C50C4260097F0004BB46B /* GestureViewController.swift */,
				8F9C50C5260097F0004BB46B /* GestureViewController.xib */,
				8F37B81026035F6F00A69893 /* CustomColorViewController.swift */,
				8F37B81126035F6F00A69893 /* CustomColorViewController.xib */,
			);
			path = Gesture;
			sourceTree = "<group>";
		};
		8F9C50C6260097F0004BB46B /* NightLight */ = {
			isa = PBXGroup;
			children = (
				8F9C50C8260097F0004BB46B /* NightLightViewController.swift */,
				8F9C50C7260097F0004BB46B /* NightLightViewController.xib */,
				8F9C515D2601EA9E004BB46B /* SetLightViewController.swift */,
				8F9C515E2601EA9E004BB46B /* SetLightViewController.xib */,
				8F9C51642601EBC4004BB46B /* SetTimeViewController.swift */,
				8F9C51652601EBC4004BB46B /* SetTimeViewController.xib */,
			);
			path = NightLight;
			sourceTree = "<group>";
		};
		8F9C50C9260097F0004BB46B /* CountDown */ = {
			isa = PBXGroup;
			children = (
				8F9C50CA260097F0004BB46B /* CountDownViewController.swift */,
				8F9C50CB260097F0004BB46B /* CountDownViewController.xib */,
			);
			path = CountDown;
			sourceTree = "<group>";
		};
		8F9C50CC260097F0004BB46B /* TimeMission */ = {
			isa = PBXGroup;
			children = (
				8F9C50CD260097F0004BB46B /* TimeMissionListViewController.swift */,
				8F9C50CE260097F0004BB46B /* TimeMissionListViewController.xib */,
				8FD51C272602F0CF002C02A0 /* TimeMissionViewController.swift */,
				8FD51C282602F0CF002C02A0 /* TimeMissionViewController.xib */,
				8FDBE63C2609B3670070824C /* MusicInfoSettingViewController.swift */,
				8FDBE63D2609B3670070824C /* MusicInfoSettingViewController.xib */,
			);
			path = TimeMission;
			sourceTree = "<group>";
		};
		8F9C50E32600A085004BB46B /* Common */ = {
			isa = PBXGroup;
			children = (
				8F9C51282601C9C0004BB46B /* Picker */,
				8F9C50F12600A0CA004BB46B /* NormalTableViewCell.swift */,
				8F9C50F22600A0CA004BB46B /* NormalTableViewCell.xib */,
				8F9C50F82600A0E4004BB46B /* SwtichTableViewCell.swift */,
				8F9C50F92600A0E4004BB46B /* SwtichTableViewCell.xib */,
				8F9C50FF2600A34E004BB46B /* BaseTableViewCell.swift */,
				8F9C51122600B70A004BB46B /* SelectItemCell.swift */,
				8F9C51132600B70A004BB46B /* SelectItemCell.xib */,
				8F37B7D32603330000A69893 /* TitleCell.swift */,
				8F37B7D42603330000A69893 /* TitleCell.xib */,
				8F37B7F426033D4400A69893 /* TitleArrowCell.swift */,
				8F37B7F526033D4400A69893 /* TitleArrowCell.xib */,
				8FDBE57126097DD90070824C /* TitleValueSwitchCellTableViewCell.swift */,
				8FDBE57226097DD90070824C /* TitleValueSwitchCellTableViewCell.xib */,
			);
			path = Common;
			sourceTree = "<group>";
		};
		8F9C51042600B354004BB46B /* Model */ = {
			isa = PBXGroup;
			children = (
				8F9C51312601C9C7004BB46B /* SLPTime */,
				8F9C51062600B372004BB46B /* SLPWeekDay.h */,
				8F9C51052600B372004BB46B /* SLPWeekDay.m */,
				8F9C5123260197E6004BB46B /* MusicInfo.swift */,
			);
			path = Model;
			sourceTree = "<group>";
		};
		8F9C51282601C9C0004BB46B /* Picker */ = {
			isa = PBXGroup;
			children = (
				8F37B80A260358A800A69893 /* HourMinutePicker.h */,
				8F37B809260358A800A69893 /* HourMinutePicker.m */,
				8F37B808260358A800A69893 /* HourMinutePicker.xib */,
				8F9C514C2601D33B004BB46B /* SLPMinutePicker.h */,
				8F9C514F2601D33B004BB46B /* SLPMinutePicker.m */,
				8F9C51502601D33B004BB46B /* SLPMinuteSelectView.h */,
				8F9C514D2601D33B004BB46B /* SLPMinuteSelectView.m */,
				8F9C514E2601D33B004BB46B /* SLPMinuteSelectView.xib */,
				8F9C51432601CA12004BB46B /* SLPTimePicker.h */,
				8F9C51442601CA12004BB46B /* SLPTimePicker.m */,
				8F9C512A2601C9C0004BB46B /* TimePickerSelectView.h */,
				8F9C51292601C9C0004BB46B /* TimePickerSelectView.m */,
				8F9C512B2601C9C0004BB46B /* TimePickerSelectView.xib */,
				8F37B7FB26034C4200A69893 /* DataPicker.swift */,
				8F37B80326034C5600A69893 /* DataPicker.xib */,
			);
			path = Picker;
			sourceTree = "<group>";
		};
		8F9C51312601C9C7004BB46B /* SLPTime */ = {
			isa = PBXGroup;
			children = (
				8F9C51322601C9C7004BB46B /* SLPTime12.m */,
				8F9C51332601C9C7004BB46B /* SLPTime.h */,
				8F9C51342601C9C7004BB46B /* SLPTime24.m */,
				8F9C51352601C9C7004BB46B /* SLPTime12.h */,
				8F9C51362601C9C7004BB46B /* SLPTime24.h */,
			);
			path = SLPTime;
			sourceTree = "<group>";
		};
		8F9C513C2601C9D3004BB46B /* Tool */ = {
			isa = PBXGroup;
			children = (
				8F9C516B2601F4C8004BB46B /* utils */,
				8F9C513D2601C9D3004BB46B /* Theme.h */,
				8F9C513E2601C9D3004BB46B /* Theme.m */,
			);
			path = Tool;
			sourceTree = "<group>";
		};
		8F9C516B2601F4C8004BB46B /* utils */ = {
			isa = PBXGroup;
			children = (
				8F9C516C2601F4C8004BB46B /* Utils.h */,
				8F9C516F2601F4C8004BB46B /* Utils.m */,
				8F9C516D2601F4C8004BB46B /* Utils+UI.h */,
				8F9C516E2601F4C8004BB46B /* Utils+UI.m */,
				8F9C51702601F4C9004BB46B /* UtilsHeads.h */,
			);
			path = utils;
			sourceTree = "<group>";
		};
/* End PBXGroup section */

/* Begin PBXNativeTarget section */
		26E2791B2328EC20005A983D /* BLENOX2Demo-Swift */ = {
			isa = PBXNativeTarget;
			buildConfigurationList = 26E279442328EC24005A983D /* Build configuration list for PBXNativeTarget "BLENOX2Demo-Swift" */;
			buildPhases = (
				26E279182328EC20005A983D /* Sources */,
				26E279192328EC20005A983D /* Frameworks */,
				26E2791A2328EC20005A983D /* Resources */,
			);
			buildRules = (
			);
			dependencies = (
			);
			name = "BLENOX2Demo-Swift";
			productName = "BLENOX2Demo-Swift";
			productReference = 26E2791C2328EC20005A983D /* BLENOX2Demo-Swift.app */;
			productType = "com.apple.product-type.application";
		};
		26E2792F2328EC24005A983D /* BLENOX2Demo-SwiftTests */ = {
			isa = PBXNativeTarget;
			buildConfigurationList = 26E279472328EC24005A983D /* Build configuration list for PBXNativeTarget "BLENOX2Demo-SwiftTests" */;
			buildPhases = (
				26E2792C2328EC24005A983D /* Sources */,
				26E2792D2328EC24005A983D /* Frameworks */,
				26E2792E2328EC24005A983D /* Resources */,
			);
			buildRules = (
			);
			dependencies = (
				26E279322328EC24005A983D /* PBXTargetDependency */,
			);
			name = "BLENOX2Demo-SwiftTests";
			productName = "BLENOX2Demo-SwiftTests";
			productReference = 26E279302328EC24005A983D /* BLENOX2Demo-SwiftTests.xctest */;
			productType = "com.apple.product-type.bundle.unit-test";
		};
		26E2793A2328EC24005A983D /* BLENOX2Demo-SwiftUITests */ = {
			isa = PBXNativeTarget;
			buildConfigurationList = 26E2794A2328EC24005A983D /* Build configuration list for PBXNativeTarget "BLENOX2Demo-SwiftUITests" */;
			buildPhases = (
				26E279372328EC24005A983D /* Sources */,
				26E279382328EC24005A983D /* Frameworks */,
				26E279392328EC24005A983D /* Resources */,
			);
			buildRules = (
			);
			dependencies = (
				26E2793D2328EC24005A983D /* PBXTargetDependency */,
			);
			name = "BLENOX2Demo-SwiftUITests";
			productName = "BLENOX2Demo-SwiftUITests";
			productReference = 26E2793B2328EC24005A983D /* BLENOX2Demo-SwiftUITests.xctest */;
			productType = "com.apple.product-type.bundle.ui-testing";
		};
/* End PBXNativeTarget section */

/* Begin PBXProject section */
		26E279142328EC20005A983D /* Project object */ = {
			isa = PBXProject;
			attributes = {
				LastSwiftUpdateCheck = 1020;
				LastUpgradeCheck = 1200;
				ORGANIZATIONNAME = medica;
				TargetAttributes = {
					26E2791B2328EC20005A983D = {
						CreatedOnToolsVersion = 10.2.1;
						LastSwiftMigration = 1020;
					};
					26E2792F2328EC24005A983D = {
						CreatedOnToolsVersion = 10.2.1;
						TestTargetID = 26E2791B2328EC20005A983D;
					};
					26E2793A2328EC24005A983D = {
						CreatedOnToolsVersion = 10.2.1;
						TestTargetID = 26E2791B2328EC20005A983D;
					};
				};
			};
			buildConfigurationList = 26E279172328EC20005A983D /* Build configuration list for PBXProject "BLENOX2Demo-Swift" */;
			compatibilityVersion = "Xcode 9.3";
			developmentRegion = en;
			hasScannedForEncodings = 0;
			knownRegions = (
				en,
				Base,
				"zh-Hans",
			);
			mainGroup = 26E279132328EC20005A983D;
			productRefGroup = 26E2791D2328EC20005A983D /* Products */;
			projectDirPath = "";
			projectRoot = "";
			targets = (
				26E2791B2328EC20005A983D /* BLENOX2Demo-Swift */,
				26E2792F2328EC24005A983D /* BLENOX2Demo-SwiftTests */,
				26E2793A2328EC24005A983D /* BLENOX2Demo-SwiftUITests */,
			);
		};
/* End PBXProject section */

/* Begin PBXResourcesBuildPhase section */
		26E2791A2328EC20005A983D /* Resources */ = {
			isa = PBXResourcesBuildPhase;
			buildActionMask = 2147483647;
			files = (
				8F37B7D62603330000A69893 /* TitleCell.xib in Resources */,
				8F9C50DF26009ABD004BB46B /* AlarmViewController.xib in Resources */,
				8F37B80B260358A800A69893 /* HourMinutePicker.xib in Resources */,
				8F37B81326035F6F00A69893 /* CustomColorViewController.xib in Resources */,
				2685C45E2329DF9B009947EE /* SettingViewController.xib in Resources */,
				2685C45A2329DF8A009947EE /* ControlViewController.xib in Resources */,
				8F3D8DA92616A54F000AC9D5 /* SN902B_20210331_1.45.MVA in Resources */,
				26E2792A2328EC23005A983D /* LaunchScreen.storyboard in Resources */,
				8F9C50D0260097F0004BB46B /* AlarmListViewController.xib in Resources */,
				8F9C50F42600A0CA004BB46B /* NormalTableViewCell.xib in Resources */,
				26E279272328EC23005A983D /* Assets.xcassets in Resources */,
				8F9C512D2601C9C0004BB46B /* TimePickerSelectView.xib in Resources */,
				8F9C511F260195A2004BB46B /* MusicListViewController.xib in Resources */,
				8F9C50FB2600A0E4004BB46B /* SwtichTableViewCell.xib in Resources */,
				8F37B80426034C5600A69893 /* DataPicker.xib in Resources */,
				2685C4562329DF75009947EE /* DeviceViewController.xib in Resources */,
				8F37B7F726033D4400A69893 /* TitleArrowCell.xib in Resources */,
				2685C46C2329F4B1009947EE /* SleepAidViewController.xib in Resources */,
				8FDBE63F2609B3670070824C /* MusicInfoSettingViewController.xib in Resources */,
				8F9C51152600B70A004BB46B /* SelectItemCell.xib in Resources */,
				8FD51C2A2602F0CF002C02A0 /* TimeMissionViewController.xib in Resources */,
				8F9C51672601EBC4004BB46B /* SetTimeViewController.xib in Resources */,
				8F9C50D3260097F0004BB46B /* NightLightViewController.xib in Resources */,
				8F9C50D2260097F0004BB46B /* GestureViewController.xib in Resources */,
				2685C4622329E03B009947EE /* MainViewController.xib in Resources */,
				8F37B8302604364D00A69893 /* Localizable.strings in Resources */,
				26E279252328EC20005A983D /* Main.storyboard in Resources */,
				8FDBE57426097DD90070824C /* TitleValueSwitchCellTableViewCell.xib in Resources */,
				8F9C51602601EA9E004BB46B /* SetLightViewController.xib in Resources */,
				2685C4712329F534009947EE /* SearchViewController.xib in Resources */,
				8F9C51522601D33B004BB46B /* SLPMinuteSelectView.xib in Resources */,
				26D84AD22334824600311489 /* device_btn_refresh_nor@2x.png in Resources */,
				8F9C510E2600B4FC004BB46B /* WeekdaySelectViewController.xib in Resources */,
				8F9C50D6260097F0004BB46B /* CountDownViewController.xib in Resources */,
				2685C4682329F492009947EE /* LightViewController.xib in Resources */,
				26D84AD32334824600311489 /* device_btn_refresh_nor@3x.png in Resources */,
				8F9C50D8260097F0004BB46B /* TimeMissionListViewController.xib in Resources */,
			);
			runOnlyForDeploymentPostprocessing = 0;
		};
		26E2792E2328EC24005A983D /* Resources */ = {
			isa = PBXResourcesBuildPhase;
			buildActionMask = 2147483647;
			files = (
			);
			runOnlyForDeploymentPostprocessing = 0;
		};
		26E279392328EC24005A983D /* Resources */ = {
			isa = PBXResourcesBuildPhase;
			buildActionMask = 2147483647;
			files = (
			);
			runOnlyForDeploymentPostprocessing = 0;
		};
/* End PBXResourcesBuildPhase section */

/* Begin PBXSourcesBuildPhase section */
		26E279182328EC20005A983D /* Sources */ = {
			isa = PBXSourcesBuildPhase;
			buildActionMask = 2147483647;
			files = (
				8F9C50D1260097F0004BB46B /* GestureViewController.swift in Sources */,
				8F9C50FA2600A0E4004BB46B /* SwtichTableViewCell.swift in Sources */,
				2685C4552329DF75009947EE /* DeviceViewController.swift in Sources */,
				8F9C513F2601C9D3004BB46B /* Theme.m in Sources */,
				26F4AEF02332217700575C02 /* DataManager.m in Sources */,
				8F9C512C2601C9C0004BB46B /* TimePickerSelectView.m in Sources */,
				8FDBE57326097DD90070824C /* TitleValueSwitchCellTableViewCell.swift in Sources */,
				8F9C51002600A34E004BB46B /* BaseTableViewCell.swift in Sources */,
				8FD51C292602F0CF002C02A0 /* TimeMissionViewController.swift in Sources */,
				8F9C51712601F4C9004BB46B /* Utils+UI.m in Sources */,
				26E279222328EC20005A983D /* ViewController.swift in Sources */,
				8F9C51142600B70A004BB46B /* SelectItemCell.swift in Sources */,
				8F37B7D52603330000A69893 /* TitleCell.swift in Sources */,
				2642755B233086AC003F5BA7 /* CustomStyleButton.m in Sources */,
				8F9C50D7260097F0004BB46B /* TimeMissionListViewController.swift in Sources */,
				8F9C51452601CA12004BB46B /* SLPTimePicker.m in Sources */,
				8F9C51512601D33B004BB46B /* SLPMinuteSelectView.m in Sources */,
				2685C4592329DF8A009947EE /* ControlViewController.swift in Sources */,
				8F9C51532601D33B004BB46B /* SLPMinutePicker.m in Sources */,
				8FDBE63E2609B3670070824C /* MusicInfoSettingViewController.swift in Sources */,
				8F9C51382601C9C7004BB46B /* SLPTime24.m in Sources */,
				2685C4702329F534009947EE /* SearchViewController.swift in Sources */,
				8F9C51722601F4C9004BB46B /* Utils.m in Sources */,
				8F9C511E260195A2004BB46B /* MusicListViewController.swift in Sources */,
				2685C4612329E03B009947EE /* MainViewController.swift in Sources */,
				8F9C50D5260097F0004BB46B /* CountDownViewController.swift in Sources */,
				8F9C51662601EBC4004BB46B /* SetTimeViewController.swift in Sources */,
				8F9C51372601C9C7004BB46B /* SLPTime12.m in Sources */,
				8F9C51072600B372004BB46B /* SLPWeekDay.m in Sources */,
				26E279202328EC20005A983D /* AppDelegate.swift in Sources */,
				8F9C50F32600A0CA004BB46B /* NormalTableViewCell.swift in Sources */,
				8F9C510D2600B4FC004BB46B /* WeekdaySelectViewController.swift in Sources */,
				8F9C50D4260097F0004BB46B /* NightLightViewController.swift in Sources */,
				2642755C233086AC003F5BA7 /* CustomColorButton.m in Sources */,
				8F37B7F626033D4400A69893 /* TitleArrowCell.swift in Sources */,
				8F37B80C260358A800A69893 /* HourMinutePicker.m in Sources */,
				2685C46B2329F4B1009947EE /* SleepAidViewController.swift in Sources */,
				8F9C515F2601EA9E004BB46B /* SetLightViewController.swift in Sources */,
				8F9C50DE26009ABD004BB46B /* AlarmViewController.swift in Sources */,
				2685C45D2329DF9B009947EE /* SettingViewController.swift in Sources */,
				8F9C50CF260097F0004BB46B /* AlarmListViewController.swift in Sources */,
				2685C4672329F492009947EE /* LightViewController.swift in Sources */,
				8F9C5124260197E6004BB46B /* MusicInfo.swift in Sources */,
				8F37B7FC26034C4200A69893 /* DataPicker.swift in Sources */,
				8F37B81226035F6F00A69893 /* CustomColorViewController.swift in Sources */,
			);
			runOnlyForDeploymentPostprocessing = 0;
		};
		26E2792C2328EC24005A983D /* Sources */ = {
			isa = PBXSourcesBuildPhase;
			buildActionMask = 2147483647;
			files = (
				26E279352328EC24005A983D /* BLENOX2Demo_SwiftTests.swift in Sources */,
			);
			runOnlyForDeploymentPostprocessing = 0;
		};
		26E279372328EC24005A983D /* Sources */ = {
			isa = PBXSourcesBuildPhase;
			buildActionMask = 2147483647;
			files = (
				26E279402328EC24005A983D /* BLENOX2Demo_SwiftUITests.swift in Sources */,
			);
			runOnlyForDeploymentPostprocessing = 0;
		};
/* End PBXSourcesBuildPhase section */

/* Begin PBXTargetDependency section */
		26E279322328EC24005A983D /* PBXTargetDependency */ = {
			isa = PBXTargetDependency;
			target = 26E2791B2328EC20005A983D /* BLENOX2Demo-Swift */;
			targetProxy = 26E279312328EC24005A983D /* PBXContainerItemProxy */;
		};
		26E2793D2328EC24005A983D /* PBXTargetDependency */ = {
			isa = PBXTargetDependency;
			target = 26E2791B2328EC20005A983D /* BLENOX2Demo-Swift */;
			targetProxy = 26E2793C2328EC24005A983D /* PBXContainerItemProxy */;
		};
/* End PBXTargetDependency section */

/* Begin PBXVariantGroup section */
		26E279232328EC20005A983D /* Main.storyboard */ = {
			isa = PBXVariantGroup;
			children = (
				26E279242328EC20005A983D /* Base */,
				8F37B8172604319C00A69893 /* zh-Hans */,
			);
			name = Main.storyboard;
			sourceTree = "<group>";
		};
		26E279282328EC23005A983D /* LaunchScreen.storyboard */ = {
			isa = PBXVariantGroup;
			children = (
				26E279292328EC23005A983D /* Base */,
				8F37B8182604319C00A69893 /* zh-Hans */,
			);
			name = LaunchScreen.storyboard;
			sourceTree = "<group>";
		};
		8F37B8322604364D00A69893 /* Localizable.strings */ = {
			isa = PBXVariantGroup;
			children = (
				8F37B8312604364D00A69893 /* en */,
				8F37B8362604365100A69893 /* zh-Hans */,
			);
			name = Localizable.strings;
			sourceTree = "<group>";
		};
/* End PBXVariantGroup section */

/* Begin XCBuildConfiguration section */
		26E279422328EC24005A983D /* Debug */ = {
			isa = XCBuildConfiguration;
			buildSettings = {
				ALWAYS_SEARCH_USER_PATHS = NO;
				CLANG_ANALYZER_LOCALIZABILITY_NONLOCALIZED = YES;
				CLANG_ANALYZER_NONNULL = YES;
				CLANG_ANALYZER_NUMBER_OBJECT_CONVERSION = YES_AGGRESSIVE;
				CLANG_CXX_LANGUAGE_STANDARD = "gnu++14";
				CLANG_CXX_LIBRARY = "libc++";
				CLANG_ENABLE_MODULES = YES;
				CLANG_ENABLE_OBJC_ARC = YES;
				CLANG_ENABLE_OBJC_WEAK = YES;
				CLANG_WARN_BLOCK_CAPTURE_AUTORELEASING = YES;
				CLANG_WARN_BOOL_CONVERSION = YES;
				CLANG_WARN_COMMA = YES;
				CLANG_WARN_CONSTANT_CONVERSION = YES;
				CLANG_WARN_DEPRECATED_OBJC_IMPLEMENTATIONS = YES;
				CLANG_WARN_DIRECT_OBJC_ISA_USAGE = YES_ERROR;
				CLANG_WARN_DOCUMENTATION_COMMENTS = YES;
				CLANG_WARN_EMPTY_BODY = YES;
				CLANG_WARN_ENUM_CONVERSION = YES;
				CLANG_WARN_INFINITE_RECURSION = YES;
				CLANG_WARN_INT_CONVERSION = YES;
				CLANG_WARN_NON_LITERAL_NULL_CONVERSION = YES;
				CLANG_WARN_OBJC_IMPLICIT_RETAIN_SELF = YES;
				CLANG_WARN_OBJC_LITERAL_CONVERSION = YES;
				CLANG_WARN_OBJC_ROOT_CLASS = YES_ERROR;
				CLANG_WARN_QUOTED_INCLUDE_IN_FRAMEWORK_HEADER = YES;
				CLANG_WARN_RANGE_LOOP_ANALYSIS = YES;
				CLANG_WARN_STRICT_PROTOTYPES = YES;
				CLANG_WARN_SUSPICIOUS_MOVE = YES;
				CLANG_WARN_UNGUARDED_AVAILABILITY = YES_AGGRESSIVE;
				CLANG_WARN_UNREACHABLE_CODE = YES;
				CLANG_WARN__DUPLICATE_METHOD_MATCH = YES;
				CODE_SIGN_IDENTITY = "iPhone Developer";
				COPY_PHASE_STRIP = NO;
				DEBUG_INFORMATION_FORMAT = dwarf;
				ENABLE_STRICT_OBJC_MSGSEND = YES;
				ENABLE_TESTABILITY = YES;
				GCC_C_LANGUAGE_STANDARD = gnu11;
				GCC_DYNAMIC_NO_PIC = NO;
				GCC_NO_COMMON_BLOCKS = YES;
				GCC_OPTIMIZATION_LEVEL = 0;
				GCC_PREPROCESSOR_DEFINITIONS = (
					"DEBUG=1",
					"$(inherited)",
				);
				GCC_WARN_64_TO_32_BIT_CONVERSION = YES;
				GCC_WARN_ABOUT_RETURN_TYPE = YES_ERROR;
				GCC_WARN_UNDECLARED_SELECTOR = YES;
				GCC_WARN_UNINITIALIZED_AUTOS = YES_AGGRESSIVE;
				GCC_WARN_UNUSED_FUNCTION = YES;
				GCC_WARN_UNUSED_VARIABLE = YES;
				IPHONEOS_DEPLOYMENT_TARGET = 12.0;
				MTL_ENABLE_DEBUG_INFO = INCLUDE_SOURCE;
				MTL_FAST_MATH = YES;
				ONLY_ACTIVE_ARCH = YES;
				SDKROOT = iphoneos;
				SWIFT_ACTIVE_COMPILATION_CONDITIONS = DEBUG;
				SWIFT_OPTIMIZATION_LEVEL = "-Onone";
			};
			name = Debug;
		};
		26E279432328EC24005A983D /* Release */ = {
			isa = XCBuildConfiguration;
			buildSettings = {
				ALWAYS_SEARCH_USER_PATHS = NO;
				CLANG_ANALYZER_LOCALIZABILITY_NONLOCALIZED = YES;
				CLANG_ANALYZER_NONNULL = YES;
				CLANG_ANALYZER_NUMBER_OBJECT_CONVERSION = YES_AGGRESSIVE;
				CLANG_CXX_LANGUAGE_STANDARD = "gnu++14";
				CLANG_CXX_LIBRARY = "libc++";
				CLANG_ENABLE_MODULES = YES;
				CLANG_ENABLE_OBJC_ARC = YES;
				CLANG_ENABLE_OBJC_WEAK = YES;
				CLANG_WARN_BLOCK_CAPTURE_AUTORELEASING = YES;
				CLANG_WARN_BOOL_CONVERSION = YES;
				CLANG_WARN_COMMA = YES;
				CLANG_WARN_CONSTANT_CONVERSION = YES;
				CLANG_WARN_DEPRECATED_OBJC_IMPLEMENTATIONS = YES;
				CLANG_WARN_DIRECT_OBJC_ISA_USAGE = YES_ERROR;
				CLANG_WARN_DOCUMENTATION_COMMENTS = YES;
				CLANG_WARN_EMPTY_BODY = YES;
				CLANG_WARN_ENUM_CONVERSION = YES;
				CLANG_WARN_INFINITE_RECURSION = YES;
				CLANG_WARN_INT_CONVERSION = YES;
				CLANG_WARN_NON_LITERAL_NULL_CONVERSION = YES;
				CLANG_WARN_OBJC_IMPLICIT_RETAIN_SELF = YES;
				CLANG_WARN_OBJC_LITERAL_CONVERSION = YES;
				CLANG_WARN_OBJC_ROOT_CLASS = YES_ERROR;
				CLANG_WARN_QUOTED_INCLUDE_IN_FRAMEWORK_HEADER = YES;
				CLANG_WARN_RANGE_LOOP_ANALYSIS = YES;
				CLANG_WARN_STRICT_PROTOTYPES = YES;
				CLANG_WARN_SUSPICIOUS_MOVE = YES;
				CLANG_WARN_UNGUARDED_AVAILABILITY = YES_AGGRESSIVE;
				CLANG_WARN_UNREACHABLE_CODE = YES;
				CLANG_WARN__DUPLICATE_METHOD_MATCH = YES;
				CODE_SIGN_IDENTITY = "iPhone Developer";
				COPY_PHASE_STRIP = NO;
				DEBUG_INFORMATION_FORMAT = "dwarf-with-dsym";
				ENABLE_NS_ASSERTIONS = NO;
				ENABLE_STRICT_OBJC_MSGSEND = YES;
				GCC_C_LANGUAGE_STANDARD = gnu11;
				GCC_NO_COMMON_BLOCKS = YES;
				GCC_WARN_64_TO_32_BIT_CONVERSION = YES;
				GCC_WARN_ABOUT_RETURN_TYPE = YES_ERROR;
				GCC_WARN_UNDECLARED_SELECTOR = YES;
				GCC_WARN_UNINITIALIZED_AUTOS = YES_AGGRESSIVE;
				GCC_WARN_UNUSED_FUNCTION = YES;
				GCC_WARN_UNUSED_VARIABLE = YES;
				IPHONEOS_DEPLOYMENT_TARGET = 12.0;
				MTL_ENABLE_DEBUG_INFO = NO;
				MTL_FAST_MATH = YES;
				SDKROOT = iphoneos;
				SWIFT_COMPILATION_MODE = wholemodule;
				SWIFT_OPTIMIZATION_LEVEL = "-O";
				VALIDATE_PRODUCT = YES;
			};
			name = Release;
		};
		26E279452328EC24005A983D /* Debug */ = {
			isa = XCBuildConfiguration;
			buildSettings = {
				ASSETCATALOG_COMPILER_APPICON_NAME = AppIcon;
				CLANG_ENABLE_MODULES = YES;
				CODE_SIGN_STYLE = Automatic;
				DEVELOPMENT_TEAM = NV3296URNT;
				FRAMEWORK_SEARCH_PATHS = (
					"$(inherited)",
					"$(PROJECT_DIR)",
				);
				INFOPLIST_FILE = "BLENOX2Demo-Swift/Info.plist";
				IPHONEOS_DEPLOYMENT_TARGET = 12.0;
				LD_RUNPATH_SEARCH_PATHS = (
					"$(inherited)",
					"@executable_path/Frameworks",
				);
				OTHER_LDFLAGS = (
					"-force_load",
					"$(SRCROOT)/BleNox.framework/BleNox",
				);
				PRODUCT_BUNDLE_IDENTIFIER = com.medicatech.BLENOX2Demo;
				PRODUCT_NAME = "$(TARGET_NAME)";
				SWIFT_OBJC_BRIDGING_HEADER = "BLENOX2Demo-Swift/Control/Button/BLENOX2Demo-Swift-Bridging-Header.h";
				SWIFT_OPTIMIZATION_LEVEL = "-Onone";
				SWIFT_VERSION = 5.0;
				TARGETED_DEVICE_FAMILY = 1;
			};
			name = Debug;
		};
		26E279462328EC24005A983D /* Release */ = {
			isa = XCBuildConfiguration;
			buildSettings = {
				ASSETCATALOG_COMPILER_APPICON_NAME = AppIcon;
				CLANG_ENABLE_MODULES = YES;
				CODE_SIGN_STYLE = Automatic;
				DEVELOPMENT_TEAM = NV3296URNT;
				FRAMEWORK_SEARCH_PATHS = (
					"$(inherited)",
					"$(PROJECT_DIR)",
				);
				INFOPLIST_FILE = "BLENOX2Demo-Swift/Info.plist";
				IPHONEOS_DEPLOYMENT_TARGET = 12.0;
				LD_RUNPATH_SEARCH_PATHS = (
					"$(inherited)",
					"@executable_path/Frameworks",
				);
				OTHER_LDFLAGS = (
					"-force_load",
					"$(SRCROOT)/BleNox.framework/BleNox",
				);
				PRODUCT_BUNDLE_IDENTIFIER = com.medicatech.BLENOX2Demo;
				PRODUCT_NAME = "$(TARGET_NAME)";
				SWIFT_OBJC_BRIDGING_HEADER = "BLENOX2Demo-Swift/Control/Button/BLENOX2Demo-Swift-Bridging-Header.h";
				SWIFT_VERSION = 5.0;
				TARGETED_DEVICE_FAMILY = 1;
			};
			name = Release;
		};
		26E279482328EC24005A983D /* Debug */ = {
			isa = XCBuildConfiguration;
			buildSettings = {
				ALWAYS_EMBED_SWIFT_STANDARD_LIBRARIES = YES;
				BUNDLE_LOADER = "$(TEST_HOST)";
				CODE_SIGN_STYLE = Automatic;
				DEVELOPMENT_TEAM = NV3296URNT;
				INFOPLIST_FILE = "BLENOX2Demo-SwiftTests/Info.plist";
				LD_RUNPATH_SEARCH_PATHS = (
					"$(inherited)",
					"@executable_path/Frameworks",
					"@loader_path/Frameworks",
				);
				PRODUCT_BUNDLE_IDENTIFIER = "com.medicatech.BLENOX2Demo-SwiftTests";
				PRODUCT_NAME = "$(TARGET_NAME)";
				SWIFT_VERSION = 5.0;
				TARGETED_DEVICE_FAMILY = "1,2";
				TEST_HOST = "$(BUILT_PRODUCTS_DIR)/BLENOX2Demo-Swift.app/BLENOX2Demo-Swift";
			};
			name = Debug;
		};
		26E279492328EC24005A983D /* Release */ = {
			isa = XCBuildConfiguration;
			buildSettings = {
				ALWAYS_EMBED_SWIFT_STANDARD_LIBRARIES = YES;
				BUNDLE_LOADER = "$(TEST_HOST)";
				CODE_SIGN_STYLE = Automatic;
				DEVELOPMENT_TEAM = NV3296URNT;
				INFOPLIST_FILE = "BLENOX2Demo-SwiftTests/Info.plist";
				LD_RUNPATH_SEARCH_PATHS = (
					"$(inherited)",
					"@executable_path/Frameworks",
					"@loader_path/Frameworks",
				);
				PRODUCT_BUNDLE_IDENTIFIER = "com.medicatech.BLENOX2Demo-SwiftTests";
				PRODUCT_NAME = "$(TARGET_NAME)";
				SWIFT_VERSION = 5.0;
				TARGETED_DEVICE_FAMILY = "1,2";
				TEST_HOST = "$(BUILT_PRODUCTS_DIR)/BLENOX2Demo-Swift.app/BLENOX2Demo-Swift";
			};
			name = Release;
		};
		26E2794B2328EC24005A983D /* Debug */ = {
			isa = XCBuildConfiguration;
			buildSettings = {
				ALWAYS_EMBED_SWIFT_STANDARD_LIBRARIES = YES;
				CODE_SIGN_STYLE = Automatic;
				DEVELOPMENT_TEAM = NV3296URNT;
				INFOPLIST_FILE = "BLENOX2Demo-SwiftUITests/Info.plist";
				LD_RUNPATH_SEARCH_PATHS = (
					"$(inherited)",
					"@executable_path/Frameworks",
					"@loader_path/Frameworks",
				);
				PRODUCT_BUNDLE_IDENTIFIER = "com.medicatech.BLENOX2Demo-SwiftUITests";
				PRODUCT_NAME = "$(TARGET_NAME)";
				SWIFT_VERSION = 5.0;
				TARGETED_DEVICE_FAMILY = "1,2";
				TEST_TARGET_NAME = "BLENOX2Demo-Swift";
			};
			name = Debug;
		};
		26E2794C2328EC24005A983D /* Release */ = {
			isa = XCBuildConfiguration;
			buildSettings = {
				ALWAYS_EMBED_SWIFT_STANDARD_LIBRARIES = YES;
				CODE_SIGN_STYLE = Automatic;
				DEVELOPMENT_TEAM = NV3296URNT;
				INFOPLIST_FILE = "BLENOX2Demo-SwiftUITests/Info.plist";
				LD_RUNPATH_SEARCH_PATHS = (
					"$(inherited)",
					"@executable_path/Frameworks",
					"@loader_path/Frameworks",
				);
				PRODUCT_BUNDLE_IDENTIFIER = "com.medicatech.BLENOX2Demo-SwiftUITests";
				PRODUCT_NAME = "$(TARGET_NAME)";
				SWIFT_VERSION = 5.0;
				TARGETED_DEVICE_FAMILY = "1,2";
				TEST_TARGET_NAME = "BLENOX2Demo-Swift";
			};
			name = Release;
		};
/* End XCBuildConfiguration section */

/* Begin XCConfigurationList section */
		26E279172328EC20005A983D /* Build configuration list for PBXProject "BLENOX2Demo-Swift" */ = {
			isa = XCConfigurationList;
			buildConfigurations = (
				26E279422328EC24005A983D /* Debug */,
				26E279432328EC24005A983D /* Release */,
			);
			defaultConfigurationIsVisible = 0;
			defaultConfigurationName = Release;
		};
		26E279442328EC24005A983D /* Build configuration list for PBXNativeTarget "BLENOX2Demo-Swift" */ = {
			isa = XCConfigurationList;
			buildConfigurations = (
				26E279452328EC24005A983D /* Debug */,
				26E279462328EC24005A983D /* Release */,
			);
			defaultConfigurationIsVisible = 0;
			defaultConfigurationName = Release;
		};
		26E279472328EC24005A983D /* Build configuration list for PBXNativeTarget "BLENOX2Demo-SwiftTests" */ = {
			isa = XCConfigurationList;
			buildConfigurations = (
				26E279482328EC24005A983D /* Debug */,
				26E279492328EC24005A983D /* Release */,
			);
			defaultConfigurationIsVisible = 0;
			defaultConfigurationName = Release;
		};
		26E2794A2328EC24005A983D /* Build configuration list for PBXNativeTarget "BLENOX2Demo-SwiftUITests" */ = {
			isa = XCConfigurationList;
			buildConfigurations = (
				26E2794B2328EC24005A983D /* Debug */,
				26E2794C2328EC24005A983D /* Release */,
			);
			defaultConfigurationIsVisible = 0;
			defaultConfigurationName = Release;
		};
/* End XCConfigurationList section */
	};
	rootObject = 26E279142328EC20005A983D /* Project object */;
}
